{
  "R": {
    "Version": "4.0.5",
    "Repositories": [
      {
        "Name": "CRAN",
        "URL": "https://cloud.r-project.org"
      }
    ]
  },
  "Packages": {
    "arrow": {
      "Package": "arrow",
      "Version": "4.0.0.1",
      "Source": "Repository",
      "Repository": "CRAN",
      "Hash": "366f5c066a920a1dc8d52d8bac1f33f7",
      "Requirements": [
        "R6",
        "assertthat",
        "bit64",
        "cpp11",
        "purrr",
        "rlang",
        "tidyselect",
        "vctrs"
      ]
    },
    "renv": {
      "Package": "renv",
      "Version": "0.16.0",
      "Source": "Repository",
      "Repository": "CRAN",
      "Hash": "c9e8442ab69bc21c9697ecf856c1e6c7",
      "Requirements": []
    }
  }
}
